
Microsoft Visual Studio Solution File, Format Version 12.00
# Visual Studio 15
Project("{FAE04EC0-301F-11D3-BF4B-00C04F79EFBC}") = "Assembly-CSharp", "Assembly-CSharp.csproj", "{DDCC2451-5CF1-21BE-03CF-3E5468C9C48F}"
EndProject
Global
	GlobalSection(SolutionConfigurationPlatforms) = preSolution
		Debug|Any CPU = Debug|Any CPU
		Release|Any CPU = Release|Any CPU
	EndGlobalSection
	GlobalSection(ProjectConfigurationPlatforms) = postSolution
		{DDCC2451-5CF1-21BE-03CF-3E5468C9C48F}.Debug|Any CPU.ActiveCfg = Debug|Any CPU
		{DDCC2451-5CF1-21BE-03CF-3E5468C9C48F}.Debug|Any CPU.Build.0 = Debug|Any CPU
		{DDCC2451-5CF1-21BE-03CF-3E5468C9C48F}.Release|Any CPU.ActiveCfg = Release|Any CPU
		{DDCC2451-5CF1-21BE-03CF-3E5468C9C48F}.Release|Any CPU.Build.0 = Release|Any CPU
	EndGlobalSection
	GlobalSection(SolutionProperties) = preSolution
		HideSolutionNode = FALSE
	EndGlobalSection
EndGlobal
